
Microsoft Visual Studio Solution File, Format Version 12.00
# Visual Studio Version 17
VisualStudioVersion = 17.4.33213.308
MinimumVisualStudioVersion = 10.0.40219.1
Project("{FAE04EC0-301F-11D3-BF4B-00C04F79EFBC}") = "dxfArea", "dxfArea.csproj", "{019786D3-C71B-442F-A171-67DA74A726D0}"
EndProject
Global
	GlobalSection(SolutionConfigurationPlatforms) = preSolution
		Debug|Any CPU = Debug|Any CPU
		Release|Any CPU = Release|Any CPU
	EndGlobalSection
	GlobalSection(ProjectConfigurationPlatforms) = postSolution
		{019786D3-C71B-442F-A171-67DA74A726D0}.Debug|Any CPU.ActiveCfg = Debug|Any CPU
		{019786D3-C71B-442F-A171-67DA74A726D0}.Debug|Any CPU.Build.0 = Debug|Any CPU
		{019786D3-C71B-442F-A171-67DA74A726D0}.Release|Any CPU.ActiveCfg = Release|Any CPU
		{019786D3-C71B-442F-A171-67DA74A726D0}.Release|Any CPU.Build.0 = Release|Any CPU
	EndGlobalSection
	GlobalSection(SolutionProperties) = preSolution
		HideSolutionNode = FALSE
	EndGlobalSection
	GlobalSection(ExtensibilityGlobals) = postSolution
		SolutionGuid = {CB234523-717A-4264-965E-023992AD5100}
	EndGlobalSection
EndGlobal
